PATH
  remote: ../../upstream
  specs:
    ruby_llm (2.0.0)
      base64
      event_stream_parser (~> 1)
      faraday (>= 1.10.0)
      faraday-multipart (>= 1)
      faraday-net_http (>= 1)
      faraday-retry (>= 1)
      json (< 4)
      marcel (>= 1.0, < 3)
      schematist (~> 1.1)
      zeitwerk (~> 2)

GEM
  remote: https://rubygems.org/
  specs:
    async (2.46.0)
      console (~> 1.29)
      fiber-annotation
      io-event (~> 1.21)
    base64 (0.3.0)
    console (1.38.0)
      fiber-annotation
      fiber-local (~> 1.1)
      json
    event_stream_parser (1.0.0)
    faraday (2.14.4)
      faraday-net_http (>= 2.0, < 3.5)
      json
      logger
    faraday-multipart (1.2.0)
      multipart-post (~> 2.0)
    faraday-net_http (3.4.4)
      net-http (~> 0.5)
    faraday-retry (2.4.0)
      faraday (~> 2.0)
    fiber-annotation (0.2.0)
    fiber-local (1.1.0)
      fiber-storage
    fiber-storage (1.0.1)
    io-event (1.22.1)
    json (3.0.2)
    logger (1.7.0)
    marcel (2.1.0)
    multipart-post (2.4.1)
    net-http (0.9.1)
      uri (>= 0.11.1)
    schematist (1.1.0)
    uri (1.1.1)
    zeitwerk (2.8.3)

PLATFORMS
  ruby
  x86_64-linux

DEPENDENCIES
  async (~> 2.0)
  ruby_llm!

CHECKSUMS
  async (2.46.0) sha256=34f984733dbf63a997376346451ec995e858cacc3105e86ccfeaf8877b4f490b
  base64 (0.3.0) sha256=27337aeabad6ffae05c265c450490628ef3ebd4b67be58257393227588f5a97b
  bundler (4.0.21) sha256=7cbf5499b426076aa16c8d28a59e4c2c3aad5a438402abcd961f0119f29f1dd0
  console (1.38.0) sha256=35b82f59130e95e9be6b832d9e539c8b3988fc192e4a8e9a86ab4922f44ad5de
  event_stream_parser (1.0.0) sha256=a2683bab70126286f8184dc88f7968ffc4028f813161fb073ec90d171f7de3c8
  faraday (2.14.4) sha256=9bb4408c44621b0dbaaaa39e5dbfc4dbe58cc6751b6eb94d16ae9e1f2f2fab6e
  faraday-multipart (1.2.0) sha256=7d89a949693714176f612323ca13746a2ded204031a6ba528adee788694ef757
  faraday-net_http (3.4.4) sha256=0e78af151747ed1b00f33e25973b4bc220d7f16c00c39676817c8b12331eb588
  faraday-retry (2.4.0) sha256=7b79c48fb7e56526faf247b12d94a680071ff40c9fda7cf1ec1549439ad11ebe
  fiber-annotation (0.2.0) sha256=7abfadf1d119f508867d4103bf231c0354d019cc39a5738945dec2edadaf6c03
  fiber-local (1.1.0) sha256=c885f94f210fb9b05737de65d511136ea602e00c5105953748aa0f8793489f06
  fiber-storage (1.0.1) sha256=f48e5b6d8b0be96dac486332b55cee82240057065dc761c1ea692b2e719240e1
  io-event (1.22.1) sha256=0dd054cefe4a29f1b8286604f332c14f3208d75f54902961e91e94d45e5e1600
  json (3.0.2) sha256=8e6d7e7b11384c21230430cef90b71f14849a34a1f4452796670f7c981bd19df
  logger (1.7.0) sha256=196edec7cc44b66cfb40f9755ce11b392f21f7967696af15d274dde7edff0203
  marcel (2.1.0) sha256=f8b0327111dc7e516331eeefe052e981ce50e2bd826c1042a53cdf047fcc3512
  multipart-post (2.4.1) sha256=9872d03a8e552020ca096adadbf5e3cb1cd1cdd6acd3c161136b8a5737cdb4a8
  net-http (0.9.1) sha256=25ba0b67c63e89df626ed8fac771d0ad24ad151a858af2cc8e6a716ca4336996
  ruby_llm (2.0.0)
  schematist (1.1.0) sha256=905d8f0286830926e77e0d631bee325ee741c4b99640bc99735593b40ba73e7b
  uri (1.1.1) sha256=379fa58d27ffb1387eaada68c749d1426738bd0f654d812fcc07e7568f5c57c6
  zeitwerk (2.8.3) sha256=2c85125a8467ce069e20123d1e709a08955c9d29c118c25b46b7b7fafdbb92e5

BUNDLED WITH
  4.0.21
